# THIS IS AN AUTOGENERATED FILE. DO NOT EDIT THIS FILE DIRECTLY.
# yarn lockfile v1


"@babel/code-frame@^7.10.4":
  version "7.16.7"
  resolved "https://registry.npmjs.org/@babel/code-frame/-/code-frame-7.16.7.tgz"
  dependencies:
    "@babel/highlight" "^7.16.7"

"@babel/helper-plugin-utils@^7.14.5":
  version "7.16.7"
  resolved "https://registry.npmjs.org/@babel/helper-plugin-utils/-/helper-plugin-utils-7.16.7.tgz"

"@babel/helper-validator-identifier@^7.14.9", "@babel/helper-validator-identifier@^7.16.7":
  version "7.16.7"
  resolved "https://registry.npmjs.org/@babel/helper-validator-identifier/-/helper-validator-identifier-7.16.7.tgz"

"@babel/highlight@^7.16.7":
  version "7.16.10"
  resolved "https://registry.npmjs.org/@babel/highlight/-/highlight-7.16.10.tgz"
  dependencies:
    "@babel/helper-validator-identifier" "^7.16.7"
    chalk "^2.0.0"
    js-tokens "^4.0.0"

"@babel/plugin-syntax-jsx@7.14.5":
  version "7.14.5"
  resolved "https://registry.npmjs.org/@babel/plugin-syntax-jsx/-/plugin-syntax-jsx-7.14.5.tgz"
  dependencies:
    "@babel/helper-plugin-utils" "^7.14.5"

"@babel/runtime@^7.12.5":
  version "7.16.7"
  resolved "https://registry.npmjs.org/@babel/runtime/-/runtime-7.16.7.tgz"
  dependencies:
    regenerator-runtime "^0.13.4"

"@babel/types@7.15.0":
  version "7.15.0"
  resolved "https://registry.npmjs.org/@babel/types/-/types-7.15.0.tgz"
  dependencies:
    "@babel/helper-validator-identifier" "^7.14.9"
    to-fast-properties "^2.0.0"

"@fortawesome/fontawesome-common-types@^0.2.36":
  version "0.2.36"
  resolved "https://registry.npmjs.org/@fortawesome/fontawesome-common-types/-/fontawesome-common-types-0.2.36.tgz"

"@fortawesome/fontawesome-free@^5.15.4":
  version "5.15.4"
  resolved "https://registry.npmjs.org/@fortawesome/fontawesome-free/-/fontawesome-free-5.15.4.tgz"

"@fortawesome/fontawesome-svg-core@^1.2.36":
  version "1.2.36"
  resolved "https://registry.npmjs.org/@fortawesome/fontawesome-svg-core/-/fontawesome-svg-core-1.2.36.tgz"
  dependencies:
    "@fortawesome/fontawesome-common-types" "^0.2.36"

"@fortawesome/free-solid-svg-icons@^5.15.4":
  version "5.15.4"
  resolved "https://registry.npmjs.org/@fortawesome/free-solid-svg-icons/-/free-solid-svg-icons-5.15.4.tgz"
  dependencies:
    "@fortawesome/fontawesome-common-types" "^0.2.36"

"@fortawesome/react-fontawesome@^0.1.16":
  version "0.1.16"
  resolved "https://registry.npmjs.org/@fortawesome/react-fontawesome/-/react-fontawesome-0.1.16.tgz"
  dependencies:
    prop-types "^15.7.2"

"@next/env@12.0.8":
  version "12.0.8"
  resolved "https://registry.npmjs.org/@next/env/-/env-12.0.8.tgz"

"@next/react-refresh-utils@12.0.8":
  version "12.0.8"
  resolved "https://registry.npmjs.org/@next/react-refresh-utils/-/react-refresh-utils-12.0.8.tgz"

"@next/swc-android-arm64@12.0.8":
  version "12.0.8"
  resolved "https://registry.yarnpkg.com/@next/swc-android-arm64/-/swc-android-arm64-12.0.8.tgz#f8dc9663da367a75982730cac058339fb310d79a"

"@next/swc-darwin-arm64@12.0.8":
  version "12.0.8"
  resolved "https://registry.yarnpkg.com/@next/swc-darwin-arm64/-/swc-darwin-arm64-12.0.8.tgz#d6aced7d0a04815dd1324e7982accb3de6a643e8"

"@next/swc-darwin-x64@12.0.8":
  version "12.0.8"
  resolved "https://registry.yarnpkg.com/@next/swc-darwin-x64/-/swc-darwin-x64-12.0.8.tgz#f4fe58d2ed852538410b15a0c80d78908050c716"

"@next/swc-linux-arm-gnueabihf@12.0.8":
  version "12.0.8"
  resolved "https://registry.yarnpkg.com/@next/swc-linux-arm-gnueabihf/-/swc-linux-arm-gnueabihf-12.0.8.tgz#2c02d824fb46e8c6094d7e758c5d7e965070f574"

"@next/swc-linux-arm64-gnu@12.0.8":
  version "12.0.8"
  resolved "https://registry.yarnpkg.com/@next/swc-linux-arm64-gnu/-/swc-linux-arm64-gnu-12.0.8.tgz#fc32caf3373b299558ede1d889e8555b9ba10ffb"

"@next/swc-linux-arm64-musl@12.0.8":
  version "12.0.8"
  resolved "https://registry.yarnpkg.com/@next/swc-linux-arm64-musl/-/swc-linux-arm64-musl-12.0.8.tgz#c2d3d7bc2c34da81412b74bdd6e11d0615ae1886"

"@next/swc-linux-x64-gnu@12.0.8":
  version "12.0.8"
  resolved "https://registry.npmjs.org/@next/swc-linux-x64-gnu/-/swc-linux-x64-gnu-12.0.8.tgz"

"@next/swc-linux-x64-musl@12.0.8":
  version "12.0.8"
  resolved "https://registry.npmjs.org/@next/swc-linux-x64-musl/-/swc-linux-x64-musl-12.0.8.tgz"

"@next/swc-win32-arm64-msvc@12.0.8":
  version "12.0.8"
  resolved "https://registry.yarnpkg.com/@next/swc-win32-arm64-msvc/-/swc-win32-arm64-msvc-12.0.8.tgz#f33e2e56a96489935f87c6dd28f79a7b7ed3778f"

"@next/swc-win32-ia32-msvc@12.0.8":
  version "12.0.8"
  resolved "https://registry.yarnpkg.com/@next/swc-win32-ia32-msvc/-/swc-win32-ia32-msvc-12.0.8.tgz#0f6c7f3e50fc1a4752aed5c862f53c86ce77e3b8"

"@next/swc-win32-x64-msvc@12.0.8":
  version "12.0.8"
  resolved "https://registry.yarnpkg.com/@next/swc-win32-x64-msvc/-/swc-win32-x64-msvc-12.0.8.tgz#eae6d4c94dc8aae8ba177e2de02080339d0d4563"

"@skynexui/components@^1.23.5":
  version "1.23.5"
  resolved "https://registry.npmjs.org/@skynexui/components/-/components-1.23.5.tgz"
  dependencies:
    "@fortawesome/fontawesome-common-types" "^0.2.36"
    "@fortawesome/fontawesome-free" "^5.15.4"
    "@fortawesome/fontawesome-svg-core" "^1.2.36"
    "@fortawesome/free-solid-svg-icons" "^5.15.4"
    "@fortawesome/react-fontawesome" "^0.1.16"
    "@testing-library/react" "^12.1.2"
    lodash "^4.17.21"
    node-fetch "^3.1.0"
    react-icons "^4.3.1"
    react-ripples "^2.2.1"

"@testing-library/dom@^8.0.0":
  version "8.11.2"
  resolved "https://registry.npmjs.org/@testing-library/dom/-/dom-8.11.2.tgz"
  dependencies:
    "@babel/code-frame" "^7.10.4"
    "@babel/runtime" "^7.12.5"
    "@types/aria-query" "^4.2.0"
    aria-query "^5.0.0"
    chalk "^4.1.0"
    dom-accessibility-api "^0.5.9"
    lz-string "^1.4.4"
    pretty-format "^27.0.2"

"@testing-library/react@^12.1.2":
  version "12.1.2"
  resolved "https://registry.npmjs.org/@testing-library/react/-/react-12.1.2.tgz"
  dependencies:
    "@babel/runtime" "^7.12.5"
    "@testing-library/dom" "^8.0.0"

"@types/aria-query@^4.2.0":
  version "4.2.2"
  resolved "https://registry.npmjs.org/@types/aria-query/-/aria-query-4.2.2.tgz"

"@types/node@*":
  version "17.0.10"
  resolved "https://registry.npmjs.org/@types/node/-/node-17.0.10.tgz"

ansi-regex@^5.0.1:
  version "5.0.1"
  resolved "https://registry.npmjs.org/ansi-regex/-/ansi-regex-5.0.1.tgz"

ansi-styles@^3.2.1:
  version "3.2.1"
  resolved "https://registry.npmjs.org/ansi-styles/-/ansi-styles-3.2.1.tgz"
  dependencies:
    color-convert "^1.9.0"

ansi-styles@^4.1.0:
  version "4.3.0"
  resolved "https://registry.npmjs.org/ansi-styles/-/ansi-styles-4.3.0.tgz"
  dependencies:
    color-convert "^2.0.1"

ansi-styles@^5.0.0:
  version "5.2.0"
  resolved "https://registry.npmjs.org/ansi-styles/-/ansi-styles-5.2.0.tgz"

aria-query@^5.0.0:
  version "5.0.0"
  resolved "https://registry.npmjs.org/aria-query/-/aria-query-5.0.0.tgz"

big.js@^5.2.2:
  version "5.2.2"
  resolved "https://registry.npmjs.org/big.js/-/big.js-5.2.2.tgz"

caniuse-lite@^1.0.30001283:
  version "1.0.30001301"
  resolved "https://registry.npmjs.org/caniuse-lite/-/caniuse-lite-1.0.30001301.tgz"

chalk@^2.0.0:
  version "2.4.2"
  resolved "https://registry.npmjs.org/chalk/-/chalk-2.4.2.tgz"
  dependencies:
    ansi-styles "^3.2.1"
    escape-string-regexp "^1.0.5"
    supports-color "^5.3.0"

chalk@^4.1.0:
  version "4.1.2"
  resolved "https://registry.npmjs.org/chalk/-/chalk-4.1.2.tgz"
  dependencies:
    ansi-styles "^4.1.0"
    supports-color "^7.1.0"

color-convert@^1.9.0:
  version "1.9.3"
  resolved "https://registry.npmjs.org/color-convert/-/color-convert-1.9.3.tgz"
  dependencies:
    color-name "1.1.3"

color-convert@^2.0.1:
  version "2.0.1"
  resolved "https://registry.npmjs.org/color-convert/-/color-convert-2.0.1.tgz"
  dependencies:
    color-name "~1.1.4"

color-name@1.1.3:
  version "1.1.3"
  resolved "https://registry.npmjs.org/color-name/-/color-name-1.1.3.tgz"

color-name@~1.1.4:
  version "1.1.4"
  resolved "https://registry.npmjs.org/color-name/-/color-name-1.1.4.tgz"

colorette@^1.2.2:
  version "1.4.0"
  resolved "https://registry.npmjs.org/colorette/-/colorette-1.4.0.tgz"

convert-source-map@1.7.0:
  version "1.7.0"
  resolved "https://registry.npmjs.org/convert-source-map/-/convert-source-map-1.7.0.tgz"
  dependencies:
    safe-buffer "~5.1.1"

data-uri-to-buffer@^4.0.0:
  version "4.0.0"
  resolved "https://registry.npmjs.org/data-uri-to-buffer/-/data-uri-to-buffer-4.0.0.tgz"

dom-accessibility-api@^0.5.9:
  version "0.5.10"
  resolved "https://registry.npmjs.org/dom-accessibility-api/-/dom-accessibility-api-0.5.10.tgz"

emojis-list@^2.0.0:
  version "2.1.0"
  resolved "https://registry.npmjs.org/emojis-list/-/emojis-list-2.1.0.tgz"

escape-string-regexp@^1.0.5:
  version "1.0.5"
  resolved "https://registry.npmjs.org/escape-string-regexp/-/escape-string-regexp-1.0.5.tgz"

fetch-blob@^3.1.2, fetch-blob@^3.1.4:
  version "3.1.4"
  resolved "https://registry.npmjs.org/fetch-blob/-/fetch-blob-3.1.4.tgz"
  dependencies:
    node-domexception "^1.0.0"
    web-streams-polyfill "^3.0.3"

formdata-polyfill@^4.0.10:
  version "4.0.10"
  resolved "https://registry.npmjs.org/formdata-polyfill/-/formdata-polyfill-4.0.10.tgz"
  dependencies:
    fetch-blob "^3.1.2"

has-flag@^3.0.0:
  version "3.0.0"
  resolved "https://registry.npmjs.org/has-flag/-/has-flag-3.0.0.tgz"

has-flag@^4.0.0:
  version "4.0.0"
  resolved "https://registry.npmjs.org/has-flag/-/has-flag-4.0.0.tgz"

inherits@^2.0.3, inherits@~2.0.4:
  version "2.0.4"
  resolved "https://registry.npmjs.org/inherits/-/inherits-2.0.4.tgz"

jest-worker@27.0.0-next.5:
  version "27.0.0-next.5"
  resolved "https://registry.npmjs.org/jest-worker/-/jest-worker-27.0.0-next.5.tgz"
  dependencies:
    "@types/node" "*"
    merge-stream "^2.0.0"
    supports-color "^8.0.0"

"js-tokens@^3.0.0 || ^4.0.0", js-tokens@^4.0.0:
  version "4.0.0"
  resolved "https://registry.npmjs.org/js-tokens/-/js-tokens-4.0.0.tgz"

json5@^1.0.1:
  version "1.0.1"
  resolved "https://registry.npmjs.org/json5/-/json5-1.0.1.tgz"
  dependencies:
    minimist "^1.2.0"

loader-utils@1.2.3:
  version "1.2.3"
  resolved "https://registry.npmjs.org/loader-utils/-/loader-utils-1.2.3.tgz"
  dependencies:
    big.js "^5.2.2"
    emojis-list "^2.0.0"
    json5 "^1.0.1"

lodash@^4.17.21:
  version "4.17.21"
  resolved "https://registry.npmjs.org/lodash/-/lodash-4.17.21.tgz"

loose-envify@^1.1.0, loose-envify@^1.4.0:
  version "1.4.0"
  resolved "https://registry.npmjs.org/loose-envify/-/loose-envify-1.4.0.tgz"
  dependencies:
    js-tokens "^3.0.0 || ^4.0.0"

lz-string@^1.4.4:
  version "1.4.4"
  resolved "https://registry.npmjs.org/lz-string/-/lz-string-1.4.4.tgz"

merge-stream@^2.0.0:
  version "2.0.0"
  resolved "https://registry.npmjs.org/merge-stream/-/merge-stream-2.0.0.tgz"

minimist@^1.2.0:
  version "1.2.8"
  resolved "https://registry.yarnpkg.com/minimist/-/minimist-1.2.8.tgz#c1a464e7693302e082a075cee0c057741ac4772c"

nanoid@^3.1.23:
  version "3.2.0"
  resolved "https://registry.npmjs.org/nanoid/-/nanoid-3.2.0.tgz"

next@^12.0.8:
  version "12.0.8"
  resolved "https://registry.npmjs.org/next/-/next-12.0.8.tgz"
  dependencies:
    "@next/env" "12.0.8"
    "@next/react-refresh-utils" "12.0.8"
    caniuse-lite "^1.0.30001283"
    jest-worker "27.0.0-next.5"
    node-fetch "2.6.1"
    postcss "8.2.15"
    react-is "17.0.2"
    react-refresh "0.8.3"
    stream-browserify "3.0.0"
    styled-jsx "5.0.0-beta.6"
    use-subscription "1.5.1"
  optionalDependencies:
    "@next/swc-android-arm64" "12.0.8"
    "@next/swc-darwin-arm64" "12.0.8"
    "@next/swc-darwin-x64" "12.0.8"
    "@next/swc-linux-arm-gnueabihf" "12.0.8"
    "@next/swc-linux-arm64-gnu" "12.0.8"
    "@next/swc-linux-arm64-musl" "12.0.8"
    "@next/swc-linux-x64-gnu" "12.0.8"
    "@next/swc-linux-x64-musl" "12.0.8"
    "@next/swc-win32-arm64-msvc" "12.0.8"
    "@next/swc-win32-ia32-msvc" "12.0.8"
    "@next/swc-win32-x64-msvc" "12.0.8"

node-domexception@^1.0.0:
  version "1.0.0"
  resolved "https://registry.npmjs.org/node-domexception/-/node-domexception-1.0.0.tgz"

node-fetch@2.6.1:
  version "2.6.1"
  resolved "https://registry.npmjs.org/node-fetch/-/node-fetch-2.6.1.tgz"

node-fetch@^3.1.0:
  version "3.2.0"
  resolved "https://registry.npmjs.org/node-fetch/-/node-fetch-3.2.0.tgz"
  dependencies:
    data-uri-to-buffer "^4.0.0"
    fetch-blob "^3.1.4"
    formdata-polyfill "^4.0.10"

object-assign@^4.1.1:
  version "4.1.1"
  resolved "https://registry.npmjs.org/object-assign/-/object-assign-4.1.1.tgz"

postcss@8.2.15:
  version "8.2.15"
  resolved "https://registry.npmjs.org/postcss/-/postcss-8.2.15.tgz"
  dependencies:
    colorette "^1.2.2"
    nanoid "^3.1.23"
    source-map "^0.6.1"

pretty-format@^27.0.2:
  version "27.4.6"
  resolved "https://registry.npmjs.org/pretty-format/-/pretty-format-27.4.6.tgz"
  dependencies:
    ansi-regex "^5.0.1"
    ansi-styles "^5.0.0"
    react-is "^17.0.1"

prop-types@^15.7.2:
  version "15.8.1"
  resolved "https://registry.npmjs.org/prop-types/-/prop-types-15.8.1.tgz"
  dependencies:
    loose-envify "^1.4.0"
    object-assign "^4.1.1"
    react-is "^16.13.1"

react-dom@^17.0.2:
  version "17.0.2"
  resolved "https://registry.npmjs.org/react-dom/-/react-dom-17.0.2.tgz"
  dependencies:
    loose-envify "^1.1.0"
    object-assign "^4.1.1"
    scheduler "^0.20.2"

react-icons@^4.3.1:
  version "4.3.1"
  resolved "https://registry.npmjs.org/react-icons/-/react-icons-4.3.1.tgz"

react-is@17.0.2, react-is@^17.0.1:
  version "17.0.2"
  resolved "https://registry.npmjs.org/react-is/-/react-is-17.0.2.tgz"

react-is@^16.13.1:
  version "16.13.1"
  resolved "https://registry.npmjs.org/react-is/-/react-is-16.13.1.tgz"

react-refresh@0.8.3:
  version "0.8.3"
  resolved "https://registry.npmjs.org/react-refresh/-/react-refresh-0.8.3.tgz"

react-ripples@^2.2.1:
  version "2.2.1"
  resolved "https://registry.npmjs.org/react-ripples/-/react-ripples-2.2.1.tgz"

react@^17.0.2:
  version "17.0.2"
  resolved "https://registry.npmjs.org/react/-/react-17.0.2.tgz"
  dependencies:
    loose-envify "^1.1.0"
    object-assign "^4.1.1"

readable-stream@^3.5.0:
  version "3.6.0"
  resolved "https://registry.npmjs.org/readable-stream/-/readable-stream-3.6.0.tgz"
  dependencies:
    inherits "^2.0.3"
    string_decoder "^1.1.1"
    util-deprecate "^1.0.1"

regenerator-runtime@^0.13.4:
  version "0.13.9"
  resolved "https://registry.npmjs.org/regenerator-runtime/-/regenerator-runtime-0.13.9.tgz"

safe-buffer@~5.1.1:
  version "5.1.2"
  resolved "https://registry.npmjs.org/safe-buffer/-/safe-buffer-5.1.2.tgz"

safe-buffer@~5.2.0:
  version "5.2.1"
  resolved "https://registry.npmjs.org/safe-buffer/-/safe-buffer-5.2.1.tgz"

scheduler@^0.20.2:
  version "0.20.2"
  resolved "https://registry.npmjs.org/scheduler/-/scheduler-0.20.2.tgz"
  dependencies:
    loose-envify "^1.1.0"
    object-assign "^4.1.1"

source-map@0.7.3:
  version "0.7.3"
  resolved "https://registry.npmjs.org/source-map/-/source-map-0.7.3.tgz"

source-map@^0.6.1:
  version "0.6.1"
  resolved "https://registry.npmjs.org/source-map/-/source-map-0.6.1.tgz"

stream-browserify@3.0.0:
  version "3.0.0"
  resolved "https://registry.npmjs.org/stream-browserify/-/stream-browserify-3.0.0.tgz"
  dependencies:
    inherits "~2.0.4"
    readable-stream "^3.5.0"

string-hash@1.1.3:
  version "1.1.3"
  resolved "https://registry.npmjs.org/string-hash/-/string-hash-1.1.3.tgz"

string_decoder@^1.1.1:
  version "1.3.0"
  resolved "https://registry.npmjs.org/string_decoder/-/string_decoder-1.3.0.tgz"
  dependencies:
    safe-buffer "~5.2.0"

styled-jsx@5.0.0-beta.6:
  version "5.0.0-beta.6"
  resolved "https://registry.npmjs.org/styled-jsx/-/styled-jsx-5.0.0-beta.6.tgz"
  dependencies:
    "@babel/plugin-syntax-jsx" "7.14.5"
    "@babel/types" "7.15.0"
    convert-source-map "1.7.0"
    loader-utils "1.2.3"
    source-map "0.7.3"
    string-hash "1.1.3"
    stylis "3.5.4"
    stylis-rule-sheet "0.0.10"

stylis-rule-sheet@0.0.10:
  version "0.0.10"
  resolved "https://registry.npmjs.org/stylis-rule-sheet/-/stylis-rule-sheet-0.0.10.tgz"

stylis@3.5.4:
  version "3.5.4"
  resolved "https://registry.npmjs.org/stylis/-/stylis-3.5.4.tgz"

supports-color@^5.3.0:
  version "5.5.0"
  resolved "https://registry.npmjs.org/supports-color/-/supports-color-5.5.0.tgz"
  dependencies:
    has-flag "^3.0.0"

supports-color@^7.1.0:
  version "7.2.0"
  resolved "https://registry.npmjs.org/supports-color/-/supports-color-7.2.0.tgz"
  dependencies:
    has-flag "^4.0.0"

supports-color@^8.0.0:
  version "8.1.1"
  resolved "https://registry.npmjs.org/supports-color/-/supports-color-8.1.1.tgz"
  dependencies:
    has-flag "^4.0.0"

to-fast-properties@^2.0.0:
  version "2.0.0"
  resolved "https://registry.npmjs.org/to-fast-properties/-/to-fast-properties-2.0.0.tgz"

use-subscription@1.5.1:
  version "1.5.1"
  resolved "https://registry.npmjs.org/use-subscription/-/use-subscription-1.5.1.tgz"
  dependencies:
    object-assign "^4.1.1"

util-deprecate@^1.0.1:
  version "1.0.2"
  resolved "https://registry.npmjs.org/util-deprecate/-/util-deprecate-1.0.2.tgz"

web-streams-polyfill@^3.0.3:
  version "3.2.0"
  resolved "https://registry.npmjs.org/web-streams-polyfill/-/web-streams-polyfill-3.2.0.tgz"
